// !$*UTF8*$!
{
	archiveVersion = 1;
	classes = {
	};
	objectVersion = 46;
	objects = {

/* Begin PBXBuildFile section */
		9675252A1F17C44300200964 /* main.m in Sources */ = {isa = PBXBuildFile; fileRef = 967525291F17C44300200964 /* main.m */; };
		9675252D1F17C44300200964 /* AppDelegate.m in Sources */ = {isa = PBXBuildFile; fileRef = 9675252C1F17C44300200964 /* AppDelegate.m */; };
		967525301F17C44300200964 /* ViewController.m in Sources */ = {isa = PBXBuildFile; fileRef = 9675252F1F17C44300200964 /* ViewController.m */; };
		967525331F17C44300200964 /* Main.storyboard in Resources */ = {isa = PBXBuildFile; fileRef = 967525311F17C44300200964 /* Main.storyboard */; };
		967525351F17C44300200964 /* Assets.xcassets in Resources */ = {isa = PBXBuildFile; fileRef = 967525341F17C44300200964 /* Assets.xcassets */; };
		967525381F17C44300200964 /* LaunchScreen.storyboard in Resources */ = {isa = PBXBuildFile; fileRef = 967525361F17C44300200964 /* LaunchScreen.storyboard */; };
		967525401F17C65F00200964 /* libJACategory.a in Frameworks */ = {isa = PBXBuildFile; fileRef = 9675253F1F17C65F00200964 /* libJACategory.a */; };
		C746B0859604468918A7B66D /* libPods-JACategoryDemo.a in Frameworks */ = {isa = PBXBuildFile; fileRef = BCA6C8E896D26AECFD4EE707 /* libPods-JACategoryDemo.a */; };
/* End PBXBuildFile section */

/* Begin PBXFileReference section */
		967525251F17C44300200964 /* JACategoryDemo.app */ = {isa = PBXFileReference; explicitFileType = wrapper.application; includeInIndex = 0; path = JACategoryDemo.app; sourceTree = BUILT_PRODUCTS_DIR; };
		967525291F17C44300200964 /* main.m */ = {isa = PBXFileReference; lastKnownFileType = sourcecode.c.objc; path = main.m; sourceTree = "<group>"; };
		9675252B1F17C44300200964 /* AppDelegate.h */ = {isa = PBXFileReference; lastKnownFileType = sourcecode.c.h; path = AppDelegate.h; sourceTree = "<group>"; };
		9675252C1F17C44300200964 /* AppDelegate.m */ = {isa = PBXFileReference; lastKnownFileType = sourcecode.c.objc; path = AppDelegate.m; sourceTree = "<group>"; };
		9675252E1F17C44300200964 /* ViewController.h */ = {isa = PBXFileReference; lastKnownFileType = sourcecode.c.h; path = ViewController.h; sourceTree = "<group>"; };
		9675252F1F17C44300200964 /* ViewController.m */ = {isa = PBXFileReference; lastKnownFileType = sourcecode.c.objc; path = ViewController.m; sourceTree = "<group>"; };
		967525321F17C44300200964 /* Base */ = {isa = PBXFileReference; lastKnownFileType = file.storyboard; name = Base; path = Base.lproj/Main.storyboard; sourceTree = "<group>"; };
		967525341F17C44300200964 /* Assets.xcassets */ = {isa = PBXFileReference; lastKnownFileType = folder.assetcatalog; path = Assets.xcassets; sourceTree = "<group>"; };
		967525371F17C44300200964 /* Base */ = {isa = PBXFileReference; lastKnownFileType = file.storyboard; name = Base; path = Base.lproj/LaunchScreen.storyboard; sourceTree = "<group>"; };
		967525391F17C44300200964 /* Info.plist */ = {isa = PBXFileReference; lastKnownFileType = text.plist.xml; path = Info.plist; sourceTree = "<group>"; };
		9675253F1F17C65F00200964 /* libJACategory.a */ = {isa = PBXFileReference; lastKnownFileType = archive.ar; name = libJACategory.a; path = "Pods/../build/Debug-iphoneos/JACategory/libJACategory.a"; sourceTree = "<group>"; };
		A9073C402CA11CD29792143A /* Pods-JACategoryDemo.release.xcconfig */ = {isa = PBXFileReference; includeInIndex = 1; lastKnownFileType = text.xcconfig; name = "Pods-JACategoryDemo.release.xcconfig"; path = "Pods/Target Support Files/Pods-JACategoryDemo/Pods-JACategoryDemo.release.xcconfig"; sourceTree = "<group>"; };
		B3835E3C9931B1BE32F36783 /* Pods-JACategoryDemo.debug.xcconfig */ = {isa = PBXFileReference; includeInIndex = 1; lastKnownFileType = text.xcconfig; name = "Pods-JACategoryDemo.debug.xcconfig"; path = "Pods/Target Support Files/Pods-JACategoryDemo/Pods-JACategoryDemo.debug.xcconfig"; sourceTree = "<group>"; };
		BCA6C8E896D26AECFD4EE707 /* libPods-JACategoryDemo.a */ = {isa = PBXFileReference; explicitFileType = archive.ar; includeInIndex = 0; path = "libPods-JACategoryDemo.a"; sourceTree = BUILT_PRODUCTS_DIR; };
/* End PBXFileReference section */

/* Begin PBXFrameworksBuildPhase section */
		967525221F17C44300200964 /* Frameworks */ = {
			isa = PBXFrameworksBuildPhase;
			buildActionMask = 2147483647;
			files = (
				967525401F17C65F00200964 /* libJACategory.a in Frameworks */,
				C746B0859604468918A7B66D /* libPods-JACategoryDemo.a in Frameworks */,
			);
			runOnlyForDeploymentPostprocessing = 0;
		};
/* End PBXFrameworksBuildPhase section */

/* Begin PBXGroup section */
		474D5451087998AF0D68295B /* Frameworks */ = {
			isa = PBXGroup;
			children = (
				9675253F1F17C65F00200964 /* libJACategory.a */,
				BCA6C8E896D26AECFD4EE707 /* libPods-JACategoryDemo.a */,
			);
			name = Frameworks;
			sourceTree = "<group>";
		};
		9675251C1F17C44300200964 = {
			isa = PBXGroup;
			children = (
				967525271F17C44300200964 /* JACategoryDemo */,
				967525261F17C44300200964 /* Products */,
				F3C226F2C2756A9DDA242435 /* Pods */,
				474D5451087998AF0D68295B /* Frameworks */,
			);
			sourceTree = "<group>";
		};
		967525261F17C44300200964 /* Products */ = {
			isa = PBXGroup;
			children = (
				967525251F17C44300200964 /* JACategoryDemo.app */,
			);
			name = Products;
			sourceTree = "<group>";
		};
		967525271F17C44300200964 /* JACategoryDemo */ = {
			isa = PBXGroup;
			children = (
				9675252B1F17C44300200964 /* AppDelegate.h */,
				9675252C1F17C44300200964 /* AppDelegate.m */,
				9675252E1F17C44300200964 /* ViewController.h */,
				9675252F1F17C44300200964 /* ViewController.m */,
				967525311F17C44300200964 /* Main.storyboard */,
				967525341F17C44300200964 /* Assets.xcassets */,
				967525361F17C44300200964 /* LaunchScreen.storyboard */,
				967525391F17C44300200964 /* Info.plist */,
				967525281F17C44300200964 /* Supporting Files */,
			);
			path = JACategoryDemo;
			sourceTree = "<group>";
		};
		967525281F17C44300200964 /* Supporting Files */ = {
			isa = PBXGroup;
			children = (
				967525291F17C44300200964 /* main.m */,
			);
			name = "Supporting Files";
			sourceTree = "<group>";
		};
		F3C226F2C2756A9DDA242435 /* Pods */ = {
			isa = PBXGroup;
			children = (
				B3835E3C9931B1BE32F36783 /* Pods-JACategoryDemo.debug.xcconfig */,
				A9073C402CA11CD29792143A /* Pods-JACategoryDemo.release.xcconfig */,
			);
			name = Pods;
			sourceTree = "<group>";
		};
/* End PBXGroup section */

/* Begin PBXNativeTarget section */
		967525241F17C44300200964 /* JACategoryDemo */ = {
			isa = PBXNativeTarget;
			buildConfigurationList = 9675253C1F17C44300200964 /* Build configuration list for PBXNativeTarget "JACategoryDemo" */;
			buildPhases = (
				6DD647CF978F842C2241E640 /* [CP] Check Pods Manifest.lock */,
				967525211F17C44300200964 /* Sources */,
				967525221F17C44300200964 /* Frameworks */,
				967525231F17C44300200964 /* Resources */,
				896606D52CF731AFEDF39DB8 /* [CP] Embed Pods Frameworks */,
				FA8598679A8AAB698C10942E /* [CP] Copy Pods Resources */,
			);
			buildRules = (
			);
			dependencies = (
			);
			name = JACategoryDemo;
			productName = JACategoryDemo;
			productReference = 967525251F17C44300200964 /* JACategoryDemo.app */;
			productType = "com.apple.product-type.application";
		};
/* End PBXNativeTarget section */

/* Begin PBXProject section */
		9675251D1F17C44300200964 /* Project object */ = {
			isa = PBXProject;
			attributes = {
				LastUpgradeCheck = 0830;
				ORGANIZATIONNAME = Jason;
				TargetAttributes = {
					967525241F17C44300200964 = {
						CreatedOnToolsVersion = 8.3.3;
						DevelopmentTeam = ZEY359R7A4;
						ProvisioningStyle = Automatic;
					};
				};
			};
			buildConfigurationList = 967525201F17C44300200964 /* Build configuration list for PBXProject "JACategoryDemo" */;
			compatibilityVersion = "Xcode 3.2";
			developmentRegion = English;
			hasScannedForEncodings = 0;
			knownRegions = (
				en,
				Base,
			);
			mainGroup = 9675251C1F17C44300200964;
			productRefGroup = 967525261F17C44300200964 /* Products */;
			projectDirPath = "";
			projectRoot = "";
			targets = (
				967525241F17C44300200964 /* JACategoryDemo */,
			);
		};
/* End PBXProject section */

/* Begin PBXResourcesBuildPhase section */
		967525231F17C44300200964 /* Resources */ = {
			isa = PBXResourcesBuildPhase;
			buildActionMask = 2147483647;
			files = (
				967525381F17C44300200964 /* LaunchScreen.storyboard in Resources */,
				967525351F17C44300200964 /* Assets.xcassets in Resources */,
				967525331F17C44300200964 /* Main.storyboard in Resources */,
			);
			runOnlyForDeploymentPostprocessing = 0;
		};
/* End PBXResourcesBuildPhase section */

/* Begin PBXShellScriptBuildPhase section */
		6DD647CF978F842C2241E640 /* [CP] Check Pods Manifest.lock */ = {
			isa = PBXShellScriptBuildPhase;
			buildActionMask = 2147483647;
			files = (
			);
			inputPaths = (
			);
			name = "[CP] Check Pods Manifest.lock";
			outputPaths = (
			);
			runOnlyForDeploymentPostprocessing = 0;
			shellPath = /bin/sh;
			shellScript = "diff \"${PODS_PODFILE_DIR_PATH}/Podfile.lock\" \"${PODS_ROOT}/Manifest.lock\" > /dev/null\nif [ $? != 0 ] ; then\n    # print error to STDERR\n    echo \"error: The sandbox is not in sync with the Podfile.lock. Run 'pod install' or update your CocoaPods installation.\" >&2\n    exit 1\nfi\n";
			showEnvVarsInLog = 0;
		};
		896606D52CF731AFEDF39DB8 /* [CP] Embed Pods Frameworks */ = {
			isa = PBXShellScriptBuildPhase;
			buildActionMask = 2147483647;
			files = (
			);
			inputPaths = (
			);
			name = "[CP] Embed Pods Frameworks";
			outputPaths = (
			);
			runOnlyForDeploymentPostprocessing = 0;
			shellPath = /bin/sh;
			shellScript = "\"${SRCROOT}/Pods/Target Support Files/Pods-JACategoryDemo/Pods-JACategoryDemo-frameworks.sh\"\n";
			showEnvVarsInLog = 0;
		};
		FA8598679A8AAB698C10942E /* [CP] Copy Pods Resources */ = {
			isa = PBXShellScriptBuildPhase;
			buildActionMask = 2147483647;
			files = (
			);
			inputPaths = (
			);
			name = "[CP] Copy Pods Resources";
			outputPaths = (
			);
			runOnlyForDeploymentPostprocessing = 0;
			shellPath = /bin/sh;
			shellScript = "\"${SRCROOT}/Pods/Target Support Files/Pods-JACategoryDemo/Pods-JACategoryDemo-resources.sh\"\n";
			showEnvVarsInLog = 0;
		};
/* End PBXShellScriptBuildPhase section */

/* Begin PBXSourcesBuildPhase section */
		967525211F17C44300200964 /* Sources */ = {
			isa = PBXSourcesBuildPhase;
			buildActionMask = 2147483647;
			files = (
				967525301F17C44300200964 /* ViewController.m in Sources */,
				9675252D1F17C44300200964 /* AppDelegate.m in Sources */,
				9675252A1F17C44300200964 /* main.m in Sources */,
			);
			runOnlyForDeploymentPostprocessing = 0;
		};
/* End PBXSourcesBuildPhase section */

/* Begin PBXVariantGroup section */
		967525311F17C44300200964 /* Main.storyboard */ = {
			isa = PBXVariantGroup;
			children = (
				967525321F17C44300200964 /* Base */,
			);
			name = Main.storyboard;
			sourceTree = "<group>";
		};
		967525361F17C44300200964 /* LaunchScreen.storyboard */ = {
			isa = PBXVariantGroup;
			children = (
				967525371F17C44300200964 /* Base */,
			);
			name = LaunchScreen.storyboard;
			sourceTree = "<group>";
		};
/* End PBXVariantGroup section */

/* Begin XCBuildConfiguration section */
		9675253A1F17C44300200964 /* Debug */ = {
			isa = XCBuildConfiguration;
			buildSettings = {
				ALWAYS_SEARCH_USER_PATHS = NO;
				CLANG_ANALYZER_NONNULL = YES;
				CLANG_ANALYZER_NUMBER_OBJECT_CONVERSION = YES_AGGRESSIVE;
				CLANG_CXX_LANGUAGE_STANDARD = "gnu++0x";
				CLANG_CXX_LIBRARY = "libc++";
				CLANG_ENABLE_MODULES = YES;
				CLANG_ENABLE_OBJC_ARC = YES;
				CLANG_WARN_BOOL_CONVERSION = YES;
				CLANG_WARN_CONSTANT_CONVERSION = YES;
				CLANG_WARN_DIRECT_OBJC_ISA_USAGE = YES_ERROR;
				CLANG_WARN_DOCUMENTATION_COMMENTS = YES;
				CLANG_WARN_EMPTY_BODY = YES;
				CLANG_WARN_ENUM_CONVERSION = YES;
				CLANG_WARN_INFINITE_RECURSION = YES;
				CLANG_WARN_INT_CONVERSION = YES;
				CLANG_WARN_OBJC_ROOT_CLASS = YES_ERROR;
				CLANG_WARN_SUSPICIOUS_MOVE = YES;
				CLANG_WARN_UNREACHABLE_CODE = YES;
				CLANG_WARN__DUPLICATE_METHOD_MATCH = YES;
				"CODE_SIGN_IDENTITY[sdk=iphoneos*]" = "iPhone Developer";
				COPY_PHASE_STRIP = NO;
				DEBUG_INFORMATION_FORMAT = dwarf;
				ENABLE_STRICT_OBJC_MSGSEND = YES;
				ENABLE_TESTABILITY = YES;
				GCC_C_LANGUAGE_STANDARD = gnu99;
				GCC_DYNAMIC_NO_PIC = NO;
				GCC_NO_COMMON_BLOCKS = YES;
				GCC_OPTIMIZATION_LEVEL = 0;
				GCC_PREPROCESSOR_DEFINITIONS = (
					"DEBUG=1",
					"$(inherited)",
				);
				GCC_WARN_64_TO_32_BIT_CONVERSION = YES;
				GCC_WARN_ABOUT_RETURN_TYPE = YES_ERROR;
				GCC_WARN_UNDECLARED_SELECTOR = YES;
				GCC_WARN_UNINITIALIZED_AUTOS = YES_AGGRESSIVE;
				GCC_WARN_UNUSED_FUNCTION = YES;
				GCC_WARN_UNUSED_VARIABLE = YES;
				IPHONEOS_DEPLOYMENT_TARGET = 10.3;
				MTL_ENABLE_DEBUG_INFO = YES;
				ONLY_ACTIVE_ARCH = YES;
				SDKROOT = iphoneos;
			};
			name = Debug;
		};
		9675253B1F17C44300200964 /* Release */ = {
			isa = XCBuildConfiguration;
			buildSettings = {
				ALWAYS_SEARCH_USER_PATHS = NO;
				CLANG_ANALYZER_NONNULL = YES;
				CLANG_ANALYZER_NUMBER_OBJECT_CONVERSION = YES_AGGRESSIVE;
				CLANG_CXX_LANGUAGE_STANDARD = "gnu++0x";
				CLANG_CXX_LIBRARY = "libc++";
				CLANG_ENABLE_MODULES = YES;
				CLANG_ENABLE_OBJC_ARC = YES;
				CLANG_WARN_BOOL_CONVERSION = YES;
				CLANG_WARN_CONSTANT_CONVERSION = YES;
				CLANG_WARN_DIRECT_OBJC_ISA_USAGE = YES_ERROR;
				CLANG_WARN_DOCUMENTATION_COMMENTS = YES;
				CLANG_WARN_EMPTY_BODY = YES;
				CLANG_WARN_ENUM_CONVERSION = YES;
				CLANG_WARN_INFINITE_RECURSION = YES;
				CLANG_WARN_INT_CONVERSION = YES;
				CLANG_WARN_OBJC_ROOT_CLASS = YES_ERROR;
				CLANG_WARN_SUSPICIOUS_MOVE = YES;
				CLANG_WARN_UNREACHABLE_CODE = YES;
				CLANG_WARN__DUPLICATE_METHOD_MATCH = YES;
				"CODE_SIGN_IDENTITY[sdk=iphoneos*]" = "iPhone Developer";
				COPY_PHASE_STRIP = NO;
				DEBUG_INFORMATION_FORMAT = "dwarf-with-dsym";
				ENABLE_NS_ASSERTIONS = NO;
				ENABLE_STRICT_OBJC_MSGSEND = YES;
				GCC_C_LANGUAGE_STANDARD = gnu99;
				GCC_NO_COMMON_BLOCKS = YES;
				GCC_WARN_64_TO_32_BIT_CONVERSION = YES;
				GCC_WARN_ABOUT_RETURN_TYPE = YES_ERROR;
				GCC_WARN_UNDECLARED_SELECTOR = YES;
				GCC_WARN_UNINITIALIZED_AUTOS = YES_AGGRESSIVE;
				GCC_WARN_UNUSED_FUNCTION = YES;
				GCC_WARN_UNUSED_VARIABLE = YES;
				IPHONEOS_DEPLOYMENT_TARGET = 10.3;
				MTL_ENABLE_DEBUG_INFO = NO;
				SDKROOT = iphoneos;
				VALIDATE_PRODUCT = YES;
			};
			name = Release;
		};
		9675253D1F17C44300200964 /* Debug */ = {
			isa = XCBuildConfiguration;
			baseConfigurationReference = B3835E3C9931B1BE32F36783 /* Pods-JACategoryDemo.debug.xcconfig */;
			buildSettings = {
				ASSETCATALOG_COMPILER_APPICON_NAME = AppIcon;
				DEVELOPMENT_TEAM = ZEY359R7A4;
				INFOPLIST_FILE = JACategoryDemo/Info.plist;
				IPHONEOS_DEPLOYMENT_TARGET = 8.0;
				LD_RUNPATH_SEARCH_PATHS = "$(inherited) @executable_path/Frameworks";
				LIBRARY_SEARCH_PATHS = (
					"$(inherited)",
					"$(PROJECT_DIR)/build/Debug-iphoneos/JACategory",
				);
				PRODUCT_BUNDLE_IDENTIFIER = com.coder.JACategoryDemo;
				PRODUCT_NAME = "$(TARGET_NAME)";
			};
			name = Debug;
		};
		9675253E1F17C44300200964 /* Release */ = {
			isa = XCBuildConfiguration;
			baseConfigurationReference = A9073C402CA11CD29792143A /* Pods-JACategoryDemo.release.xcconfig */;
			buildSettings = {
				ASSETCATALOG_COMPILER_APPICON_NAME = AppIcon;
				DEVELOPMENT_TEAM = ZEY359R7A4;
				INFOPLIST_FILE = JACategoryDemo/Info.plist;
				IPHONEOS_DEPLOYMENT_TARGET = 8.0;
				LD_RUNPATH_SEARCH_PATHS = "$(inherited) @executable_path/Frameworks";
				LIBRARY_SEARCH_PATHS = (
					"$(inherited)",
					"$(PROJECT_DIR)/build/Debug-iphoneos/JACategory",
				);
				PRODUCT_BUNDLE_IDENTIFIER = com.coder.JACategoryDemo;
				PRODUCT_NAME = "$(TARGET_NAME)";
			};
			name = Release;
		};
/* End XCBuildConfiguration section */

/* Begin XCConfigurationList section */
		967525201F17C44300200964 /* Build configuration list for PBXProject "JACategoryDemo" */ = {
			isa = XCConfigurationList;
			buildConfigurations = (
				9675253A1F17C44300200964 /* Debug */,
				9675253B1F17C44300200964 /* Release */,
			);
			defaultConfigurationIsVisible = 0;
			defaultConfigurationName = Release;
		};
		9675253C1F17C44300200964 /* Build configuration list for PBXNativeTarget "JACategoryDemo" */ = {
			isa = XCConfigurationList;
			buildConfigurations = (
				9675253D1F17C44300200964 /* Debug */,
				9675253E1F17C44300200964 /* Release */,
			);
			defaultConfigurationIsVisible = 0;
			defaultConfigurationName = Release;
		};
/* End XCConfigurationList section */
	};
	rootObject = 9675251D1F17C44300200964 /* Project object */;
}
