// !$*UTF8*$!
{
	archiveVersion = 1;
	classes = {
	};
	objectVersion = 46;
	objects = {

/* Begin PBXBuildFile section */
		96190A7A1FB4484D0002BE4C /* example.bundle in Resources */ = {isa = PBXBuildFile; fileRef = 96190A791FB4476A0002BE4C /* example.bundle */; };
		968B56E41F55428B005F61BF /* JACategoryDemoTests.m in Sources */ = {isa = PBXBuildFile; fileRef = 968B56E31F55428B005F61BF /* JACategoryDemoTests.m */; };
		969A1EF11F3C37E80002F91F /* main.m in Sources */ = {isa = PBXBuildFile; fileRef = 969A1EF01F3C37E80002F91F /* main.m */; };
		969A1EF41F3C37E80002F91F /* AppDelegate.m in Sources */ = {isa = PBXBuildFile; fileRef = 969A1EF31F3C37E80002F91F /* AppDelegate.m */; };
		969A1EF71F3C37E80002F91F /* ViewController.m in Sources */ = {isa = PBXBuildFile; fileRef = 969A1EF61F3C37E80002F91F /* ViewController.m */; };
		969A1EFA1F3C37E80002F91F /* Main.storyboard in Resources */ = {isa = PBXBuildFile; fileRef = 969A1EF81F3C37E80002F91F /* Main.storyboard */; };
		969A1EFC1F3C37E80002F91F /* Assets.xcassets in Resources */ = {isa = PBXBuildFile; fileRef = 969A1EFB1F3C37E80002F91F /* Assets.xcassets */; };
		969A1EFF1F3C37E80002F91F /* LaunchScreen.storyboard in Resources */ = {isa = PBXBuildFile; fileRef = 969A1EFD1F3C37E80002F91F /* LaunchScreen.storyboard */; };
		FB63829DE33289EB55B33154 /* Pods_JACategoryDemo.framework in Frameworks */ = {isa = PBXBuildFile; fileRef = 6112FA8410CB78DB99CC1BCE /* Pods_JACategoryDemo.framework */; };
/* End PBXBuildFile section */

/* Begin PBXContainerItemProxy section */
		968B56E61F55428B005F61BF /* PBXContainerItemProxy */ = {
			isa = PBXContainerItemProxy;
			containerPortal = 969A1EE41F3C37E70002F91F /* Project object */;
			proxyType = 1;
			remoteGlobalIDString = 969A1EEB1F3C37E80002F91F;
			remoteInfo = JACategoryDemo;
		};
/* End PBXContainerItemProxy section */

/* Begin PBXCopyFilesBuildPhase section */
		1362B53920FF09FD00C29F04 /* Embed Frameworks */ = {
			isa = PBXCopyFilesBuildPhase;
			buildActionMask = 2147483647;
			dstPath = "";
			dstSubfolderSpec = 10;
			files = (
			);
			name = "Embed Frameworks";
			runOnlyForDeploymentPostprocessing = 0;
		};
/* End PBXCopyFilesBuildPhase section */

/* Begin PBXFileReference section */
		1359543EEE9F53A78367DABF /* Pods-JACategoryDemo.debug.xcconfig */ = {isa = PBXFileReference; includeInIndex = 1; lastKnownFileType = text.xcconfig; name = "Pods-JACategoryDemo.debug.xcconfig"; path = "Pods/Target Support Files/Pods-JACategoryDemo/Pods-JACategoryDemo.debug.xcconfig"; sourceTree = "<group>"; };
		1362B54020FF0C0600C29F04 /* JACategory.framework */ = {isa = PBXFileReference; explicitFileType = wrapper.framework; path = JACategory.framework; sourceTree = BUILT_PRODUCTS_DIR; };
		1362B54420FF0CF600C29F04 /* JACategory.framework */ = {isa = PBXFileReference; explicitFileType = wrapper.framework; path = JACategory.framework; sourceTree = BUILT_PRODUCTS_DIR; };
		6112FA8410CB78DB99CC1BCE /* Pods_JACategoryDemo.framework */ = {isa = PBXFileReference; explicitFileType = wrapper.framework; includeInIndex = 0; path = Pods_JACategoryDemo.framework; sourceTree = BUILT_PRODUCTS_DIR; };
		75A137AA0A6C4AC592D3220D /* Pods-JACategoryDemo.release.xcconfig */ = {isa = PBXFileReference; includeInIndex = 1; lastKnownFileType = text.xcconfig; name = "Pods-JACategoryDemo.release.xcconfig"; path = "Pods/Target Support Files/Pods-JACategoryDemo/Pods-JACategoryDemo.release.xcconfig"; sourceTree = "<group>"; };
		96190A791FB4476A0002BE4C /* example.bundle */ = {isa = PBXFileReference; lastKnownFileType = "wrapper.plug-in"; path = example.bundle; sourceTree = "<group>"; };
		9662207B1FCD62610026FDF0 /* libJACategory.a */ = {isa = PBXFileReference; explicitFileType = archive.ar; path = libJACategory.a; sourceTree = BUILT_PRODUCTS_DIR; };
		968B56E11F55428B005F61BF /* JACategoryDemoTests.xctest */ = {isa = PBXFileReference; explicitFileType = wrapper.cfbundle; includeInIndex = 0; path = JACategoryDemoTests.xctest; sourceTree = BUILT_PRODUCTS_DIR; };
		968B56E31F55428B005F61BF /* JACategoryDemoTests.m */ = {isa = PBXFileReference; lastKnownFileType = sourcecode.c.objc; path = JACategoryDemoTests.m; sourceTree = "<group>"; };
		968B56E51F55428B005F61BF /* Info.plist */ = {isa = PBXFileReference; lastKnownFileType = text.plist.xml; path = Info.plist; sourceTree = "<group>"; };
		969A1EEC1F3C37E80002F91F /* JACategoryDemo.app */ = {isa = PBXFileReference; explicitFileType = wrapper.application; includeInIndex = 0; path = JACategoryDemo.app; sourceTree = BUILT_PRODUCTS_DIR; };
		969A1EF01F3C37E80002F91F /* main.m */ = {isa = PBXFileReference; lastKnownFileType = sourcecode.c.objc; path = main.m; sourceTree = "<group>"; };
		969A1EF21F3C37E80002F91F /* AppDelegate.h */ = {isa = PBXFileReference; lastKnownFileType = sourcecode.c.h; path = AppDelegate.h; sourceTree = "<group>"; };
		969A1EF31F3C37E80002F91F /* AppDelegate.m */ = {isa = PBXFileReference; lastKnownFileType = sourcecode.c.objc; path = AppDelegate.m; sourceTree = "<group>"; };
		969A1EF51F3C37E80002F91F /* ViewController.h */ = {isa = PBXFileReference; lastKnownFileType = sourcecode.c.h; path = ViewController.h; sourceTree = "<group>"; };
		969A1EF61F3C37E80002F91F /* ViewController.m */ = {isa = PBXFileReference; lastKnownFileType = sourcecode.c.objc; path = ViewController.m; sourceTree = "<group>"; };
		969A1EF91F3C37E80002F91F /* Base */ = {isa = PBXFileReference; lastKnownFileType = file.storyboard; name = Base; path = Base.lproj/Main.storyboard; sourceTree = "<group>"; };
		969A1EFB1F3C37E80002F91F /* Assets.xcassets */ = {isa = PBXFileReference; lastKnownFileType = folder.assetcatalog; path = Assets.xcassets; sourceTree = "<group>"; };
		969A1EFE1F3C37E80002F91F /* Base */ = {isa = PBXFileReference; lastKnownFileType = file.storyboard; name = Base; path = Base.lproj/LaunchScreen.storyboard; sourceTree = "<group>"; };
		969A1F001F3C37E80002F91F /* Info.plist */ = {isa = PBXFileReference; lastKnownFileType = text.plist.xml; path = Info.plist; sourceTree = "<group>"; };
/* End PBXFileReference section */

/* Begin PBXFrameworksBuildPhase section */
		968B56DE1F55428B005F61BF /* Frameworks */ = {
			isa = PBXFrameworksBuildPhase;
			buildActionMask = 2147483647;
			files = (
			);
			runOnlyForDeploymentPostprocessing = 0;
		};
		969A1EE91F3C37E80002F91F /* Frameworks */ = {
			isa = PBXFrameworksBuildPhase;
			buildActionMask = 2147483647;
			files = (
				FB63829DE33289EB55B33154 /* Pods_JACategoryDemo.framework in Frameworks */,
			);
			runOnlyForDeploymentPostprocessing = 0;
		};
/* End PBXFrameworksBuildPhase section */

/* Begin PBXGroup section */
		81AB606B2BCD32201015BD78 /* Pods */ = {
			isa = PBXGroup;
			children = (
				1359543EEE9F53A78367DABF /* Pods-JACategoryDemo.debug.xcconfig */,
				75A137AA0A6C4AC592D3220D /* Pods-JACategoryDemo.release.xcconfig */,
			);
			name = Pods;
			sourceTree = "<group>";
		};
		968B56E21F55428B005F61BF /* JACategoryDemoTests */ = {
			isa = PBXGroup;
			children = (
				968B56E31F55428B005F61BF /* JACategoryDemoTests.m */,
				968B56E51F55428B005F61BF /* Info.plist */,
			);
			path = JACategoryDemoTests;
			sourceTree = "<group>";
		};
		969A1EE31F3C37E70002F91F = {
			isa = PBXGroup;
			children = (
				969A1EEE1F3C37E80002F91F /* JACategoryDemo */,
				968B56E21F55428B005F61BF /* JACategoryDemoTests */,
				969A1EED1F3C37E80002F91F /* Products */,
				81AB606B2BCD32201015BD78 /* Pods */,
				9B4463B5A57424B84C778334 /* Frameworks */,
			);
			sourceTree = "<group>";
		};
		969A1EED1F3C37E80002F91F /* Products */ = {
			isa = PBXGroup;
			children = (
				969A1EEC1F3C37E80002F91F /* JACategoryDemo.app */,
				968B56E11F55428B005F61BF /* JACategoryDemoTests.xctest */,
			);
			name = Products;
			sourceTree = "<group>";
		};
		969A1EEE1F3C37E80002F91F /* JACategoryDemo */ = {
			isa = PBXGroup;
			children = (
				969A1EF21F3C37E80002F91F /* AppDelegate.h */,
				969A1EF31F3C37E80002F91F /* AppDelegate.m */,
				969A1EF51F3C37E80002F91F /* ViewController.h */,
				969A1EF61F3C37E80002F91F /* ViewController.m */,
				969A1EF81F3C37E80002F91F /* Main.storyboard */,
				969A1EFB1F3C37E80002F91F /* Assets.xcassets */,
				969A1EFD1F3C37E80002F91F /* LaunchScreen.storyboard */,
				969A1F001F3C37E80002F91F /* Info.plist */,
				96190A791FB4476A0002BE4C /* example.bundle */,
				969A1EEF1F3C37E80002F91F /* Supporting Files */,
			);
			path = JACategoryDemo;
			sourceTree = "<group>";
		};
		969A1EEF1F3C37E80002F91F /* Supporting Files */ = {
			isa = PBXGroup;
			children = (
				969A1EF01F3C37E80002F91F /* main.m */,
			);
			name = "Supporting Files";
			sourceTree = "<group>";
		};
		9B4463B5A57424B84C778334 /* Frameworks */ = {
			isa = PBXGroup;
			children = (
				1362B54420FF0CF600C29F04 /* JACategory.framework */,
				1362B54020FF0C0600C29F04 /* JACategory.framework */,
				9662207B1FCD62610026FDF0 /* libJACategory.a */,
				6112FA8410CB78DB99CC1BCE /* Pods_JACategoryDemo.framework */,
			);
			name = Frameworks;
			sourceTree = "<group>";
		};
/* End PBXGroup section */

/* Begin PBXNativeTarget section */
		968B56E01F55428B005F61BF /* JACategoryDemoTests */ = {
			isa = PBXNativeTarget;
			buildConfigurationList = 968B56EA1F55428B005F61BF /* Build configuration list for PBXNativeTarget "JACategoryDemoTests" */;
			buildPhases = (
				968B56DD1F55428B005F61BF /* Sources */,
				968B56DE1F55428B005F61BF /* Frameworks */,
				968B56DF1F55428B005F61BF /* Resources */,
			);
			buildRules = (
			);
			dependencies = (
				968B56E71F55428B005F61BF /* PBXTargetDependency */,
			);
			name = JACategoryDemoTests;
			productName = JACategoryDemoTests;
			productReference = 968B56E11F55428B005F61BF /* JACategoryDemoTests.xctest */;
			productType = "com.apple.product-type.bundle.unit-test";
		};
		969A1EEB1F3C37E80002F91F /* JACategoryDemo */ = {
			isa = PBXNativeTarget;
			buildConfigurationList = 969A1F031F3C37E80002F91F /* Build configuration list for PBXNativeTarget "JACategoryDemo" */;
			buildPhases = (
				79CAFDDD54ABFE3169BFC134 /* [CP] Check Pods Manifest.lock */,
				969A1EE81F3C37E80002F91F /* Sources */,
				969A1EE91F3C37E80002F91F /* Frameworks */,
				969A1EEA1F3C37E80002F91F /* Resources */,
				1362B53920FF09FD00C29F04 /* Embed Frameworks */,
				3FBFF5F8ABFC8532F56A1536 /* [CP] Embed Pods Frameworks */,
			);
			buildRules = (
			);
			dependencies = (
			);
			name = JACategoryDemo;
			productName = JACategoryDemo;
			productReference = 969A1EEC1F3C37E80002F91F /* JACategoryDemo.app */;
			productType = "com.apple.product-type.application";
		};
/* End PBXNativeTarget section */

/* Begin PBXProject section */
		969A1EE41F3C37E70002F91F /* Project object */ = {
			isa = PBXProject;
			attributes = {
				LastUpgradeCheck = 0940;
				ORGANIZATIONNAME = Jason;
				TargetAttributes = {
					968B56E01F55428B005F61BF = {
						CreatedOnToolsVersion = 8.3.3;
						DevelopmentTeam = HYUMRVJG68;
						ProvisioningStyle = Automatic;
						TestTargetID = 969A1EEB1F3C37E80002F91F;
					};
					969A1EEB1F3C37E80002F91F = {
						CreatedOnToolsVersion = 8.3.3;
						DevelopmentTeam = HYUMRVJG68;
						ProvisioningStyle = Automatic;
					};
				};
			};
			buildConfigurationList = 969A1EE71F3C37E70002F91F /* Build configuration list for PBXProject "JACategoryDemo" */;
			compatibilityVersion = "Xcode 3.2";
			developmentRegion = English;
			hasScannedForEncodings = 0;
			knownRegions = (
				en,
				Base,
			);
			mainGroup = 969A1EE31F3C37E70002F91F;
			productRefGroup = 969A1EED1F3C37E80002F91F /* Products */;
			projectDirPath = "";
			projectRoot = "";
			targets = (
				969A1EEB1F3C37E80002F91F /* JACategoryDemo */,
				968B56E01F55428B005F61BF /* JACategoryDemoTests */,
			);
		};
/* End PBXProject section */

/* Begin PBXResourcesBuildPhase section */
		968B56DF1F55428B005F61BF /* Resources */ = {
			isa = PBXResourcesBuildPhase;
			buildActionMask = 2147483647;
			files = (
			);
			runOnlyForDeploymentPostprocessing = 0;
		};
		969A1EEA1F3C37E80002F91F /* Resources */ = {
			isa = PBXResourcesBuildPhase;
			buildActionMask = 2147483647;
			files = (
				96190A7A1FB4484D0002BE4C /* example.bundle in Resources */,
				969A1EFF1F3C37E80002F91F /* LaunchScreen.storyboard in Resources */,
				969A1EFC1F3C37E80002F91F /* Assets.xcassets in Resources */,
				969A1EFA1F3C37E80002F91F /* Main.storyboard in Resources */,
			);
			runOnlyForDeploymentPostprocessing = 0;
		};
/* End PBXResourcesBuildPhase section */

/* Begin PBXShellScriptBuildPhase section */
		3FBFF5F8ABFC8532F56A1536 /* [CP] Embed Pods Frameworks */ = {
			isa = PBXShellScriptBuildPhase;
			buildActionMask = 2147483647;
			files = (
			);
			inputPaths = (
				"${SRCROOT}/Pods/Target Support Files/Pods-JACategoryDemo/Pods-JACategoryDemo-frameworks.sh",
				"${BUILT_PRODUCTS_DIR}/JACategory/JACategory.framework",
			);
			name = "[CP] Embed Pods Frameworks";
			outputPaths = (
				"${TARGET_BUILD_DIR}/${FRAMEWORKS_FOLDER_PATH}/JACategory.framework",
			);
			runOnlyForDeploymentPostprocessing = 0;
			shellPath = /bin/sh;
			shellScript = "\"${SRCROOT}/Pods/Target Support Files/Pods-JACategoryDemo/Pods-JACategoryDemo-frameworks.sh\"\n";
			showEnvVarsInLog = 0;
		};
		79CAFDDD54ABFE3169BFC134 /* [CP] Check Pods Manifest.lock */ = {
			isa = PBXShellScriptBuildPhase;
			buildActionMask = 2147483647;
			files = (
			);
			inputPaths = (
				"${PODS_PODFILE_DIR_PATH}/Podfile.lock",
				"${PODS_ROOT}/Manifest.lock",
			);
			name = "[CP] Check Pods Manifest.lock";
			outputPaths = (
				"$(DERIVED_FILE_DIR)/Pods-JACategoryDemo-checkManifestLockResult.txt",
			);
			runOnlyForDeploymentPostprocessing = 0;
			shellPath = /bin/sh;
			shellScript = "diff \"${PODS_PODFILE_DIR_PATH}/Podfile.lock\" \"${PODS_ROOT}/Manifest.lock\" > /dev/null\nif [ $? != 0 ] ; then\n    # print error to STDERR\n    echo \"error: The sandbox is not in sync with the Podfile.lock. Run 'pod install' or update your CocoaPods installation.\" >&2\n    exit 1\nfi\n# This output is used by Xcode 'outputs' to avoid re-running this script phase.\necho \"SUCCESS\" > \"${SCRIPT_OUTPUT_FILE_0}\"\n";
			showEnvVarsInLog = 0;
		};
/* End PBXShellScriptBuildPhase section */

/* Begin PBXSourcesBuildPhase section */
		968B56DD1F55428B005F61BF /* Sources */ = {
			isa = PBXSourcesBuildPhase;
			buildActionMask = 2147483647;
			files = (
				968B56E41F55428B005F61BF /* JACategoryDemoTests.m in Sources */,
			);
			runOnlyForDeploymentPostprocessing = 0;
		};
		969A1EE81F3C37E80002F91F /* Sources */ = {
			isa = PBXSourcesBuildPhase;
			buildActionMask = 2147483647;
			files = (
				969A1EF71F3C37E80002F91F /* ViewController.m in Sources */,
				969A1EF41F3C37E80002F91F /* AppDelegate.m in Sources */,
				969A1EF11F3C37E80002F91F /* main.m in Sources */,
			);
			runOnlyForDeploymentPostprocessing = 0;
		};
/* End PBXSourcesBuildPhase section */

/* Begin PBXTargetDependency section */
		968B56E71F55428B005F61BF /* PBXTargetDependency */ = {
			isa = PBXTargetDependency;
			target = 969A1EEB1F3C37E80002F91F /* JACategoryDemo */;
			targetProxy = 968B56E61F55428B005F61BF /* PBXContainerItemProxy */;
		};
/* End PBXTargetDependency section */

/* Begin PBXVariantGroup section */
		969A1EF81F3C37E80002F91F /* Main.storyboard */ = {
			isa = PBXVariantGroup;
			children = (
				969A1EF91F3C37E80002F91F /* Base */,
			);
			name = Main.storyboard;
			sourceTree = "<group>";
		};
		969A1EFD1F3C37E80002F91F /* LaunchScreen.storyboard */ = {
			isa = PBXVariantGroup;
			children = (
				969A1EFE1F3C37E80002F91F /* Base */,
			);
			name = LaunchScreen.storyboard;
			sourceTree = "<group>";
		};
/* End PBXVariantGroup section */

/* Begin XCBuildConfiguration section */
		968B56E81F55428B005F61BF /* Debug */ = {
			isa = XCBuildConfiguration;
			buildSettings = {
				BUNDLE_LOADER = "$(TEST_HOST)";
				DEVELOPMENT_TEAM = HYUMRVJG68;
				HEADER_SEARCH_PATHS = (
					"$(inherited)",
					/Users/Jason/Developer/Me/Github/JACategory/JACategoryDemo/Pods/Headers/Public,
					/Users/Jason/Developer/Me/Github/JACategory/JACategoryDemo/Pods/Headers/Public/JACategory,
				);
				INFOPLIST_FILE = JACategoryDemoTests/Info.plist;
				LD_RUNPATH_SEARCH_PATHS = "$(inherited) @executable_path/Frameworks @loader_path/Frameworks";
				OTHER_LDFLAGS = (
					"$(inherited)",
					"-ObjC",
					"-framework",
					"\"JACategory\"",
					"-framework",
					"\"Foundation\"",
					"-framework",
					"\"QuartzCore\"",
					"-framework",
					"\"UIKit\"",
				);
				PRODUCT_BUNDLE_IDENTIFIER = com.coder.JACategoryDemoTests;
				PRODUCT_NAME = "$(TARGET_NAME)";
				TEST_HOST = "$(BUILT_PRODUCTS_DIR)/JACategoryDemo.app/JACategoryDemo";
			};
			name = Debug;
		};
		968B56E91F55428B005F61BF /* Release */ = {
			isa = XCBuildConfiguration;
			buildSettings = {
				BUNDLE_LOADER = "$(TEST_HOST)";
				DEVELOPMENT_TEAM = HYUMRVJG68;
				HEADER_SEARCH_PATHS = (
					"$(inherited)",
					/Users/Jason/Developer/Me/Github/JACategory/JACategoryDemo/Pods/Headers/Public,
					/Users/Jason/Developer/Me/Github/JACategory/JACategoryDemo/Pods/Headers/Public/JACategory,
				);
				INFOPLIST_FILE = JACategoryDemoTests/Info.plist;
				LD_RUNPATH_SEARCH_PATHS = "$(inherited) @executable_path/Frameworks @loader_path/Frameworks";
				OTHER_LDFLAGS = (
					"$(inherited)",
					"-ObjC",
					"-framework",
					"\"JACategory\"",
					"-framework",
					"\"Foundation\"",
					"-framework",
					"\"QuartzCore\"",
					"-framework",
					"\"UIKit\"",
				);
				PRODUCT_BUNDLE_IDENTIFIER = com.coder.JACategoryDemoTests;
				PRODUCT_NAME = "$(TARGET_NAME)";
				TEST_HOST = "$(BUILT_PRODUCTS_DIR)/JACategoryDemo.app/JACategoryDemo";
			};
			name = Release;
		};
		969A1F011F3C37E80002F91F /* Debug */ = {
			isa = XCBuildConfiguration;
			buildSettings = {
				ALWAYS_SEARCH_USER_PATHS = NO;
				CLANG_ANALYZER_NONNULL = YES;
				CLANG_ANALYZER_NUMBER_OBJECT_CONVERSION = YES_AGGRESSIVE;
				CLANG_CXX_LANGUAGE_STANDARD = "gnu++0x";
				CLANG_CXX_LIBRARY = "libc++";
				CLANG_ENABLE_MODULES = YES;
				CLANG_ENABLE_OBJC_ARC = YES;
				CLANG_WARN_BLOCK_CAPTURE_AUTORELEASING = YES;
				CLANG_WARN_BOOL_CONVERSION = YES;
				CLANG_WARN_COMMA = YES;
				CLANG_WARN_CONSTANT_CONVERSION = YES;
				CLANG_WARN_DEPRECATED_OBJC_IMPLEMENTATIONS = YES;
				CLANG_WARN_DIRECT_OBJC_ISA_USAGE = YES_ERROR;
				CLANG_WARN_DOCUMENTATION_COMMENTS = YES;
				CLANG_WARN_EMPTY_BODY = YES;
				CLANG_WARN_ENUM_CONVERSION = YES;
				CLANG_WARN_INFINITE_RECURSION = YES;
				CLANG_WARN_INT_CONVERSION = YES;
				CLANG_WARN_NON_LITERAL_NULL_CONVERSION = YES;
				CLANG_WARN_OBJC_IMPLICIT_RETAIN_SELF = YES;
				CLANG_WARN_OBJC_LITERAL_CONVERSION = YES;
				CLANG_WARN_OBJC_ROOT_CLASS = YES_ERROR;
				CLANG_WARN_RANGE_LOOP_ANALYSIS = YES;
				CLANG_WARN_STRICT_PROTOTYPES = YES;
				CLANG_WARN_SUSPICIOUS_MOVE = YES;
				CLANG_WARN_UNREACHABLE_CODE = YES;
				CLANG_WARN__DUPLICATE_METHOD_MATCH = YES;
				"CODE_SIGN_IDENTITY[sdk=iphoneos*]" = "iPhone Developer";
				COPY_PHASE_STRIP = NO;
				DEBUG_INFORMATION_FORMAT = dwarf;
				ENABLE_STRICT_OBJC_MSGSEND = YES;
				ENABLE_TESTABILITY = YES;
				GCC_C_LANGUAGE_STANDARD = gnu99;
				GCC_DYNAMIC_NO_PIC = NO;
				GCC_NO_COMMON_BLOCKS = YES;
				GCC_OPTIMIZATION_LEVEL = 0;
				GCC_PREPROCESSOR_DEFINITIONS = (
					"DEBUG=1",
					"$(inherited)",
				);
				GCC_WARN_64_TO_32_BIT_CONVERSION = YES;
				GCC_WARN_ABOUT_RETURN_TYPE = YES_ERROR;
				GCC_WARN_UNDECLARED_SELECTOR = YES;
				GCC_WARN_UNINITIALIZED_AUTOS = YES_AGGRESSIVE;
				GCC_WARN_UNUSED_FUNCTION = YES;
				GCC_WARN_UNUSED_VARIABLE = YES;
				IPHONEOS_DEPLOYMENT_TARGET = 9.0;
				MTL_ENABLE_DEBUG_INFO = YES;
				ONLY_ACTIVE_ARCH = YES;
				SDKROOT = iphoneos;
			};
			name = Debug;
		};
		969A1F021F3C37E80002F91F /* Release */ = {
			isa = XCBuildConfiguration;
			buildSettings = {
				ALWAYS_SEARCH_USER_PATHS = NO;
				CLANG_ANALYZER_NONNULL = YES;
				CLANG_ANALYZER_NUMBER_OBJECT_CONVERSION = YES_AGGRESSIVE;
				CLANG_CXX_LANGUAGE_STANDARD = "gnu++0x";
				CLANG_CXX_LIBRARY = "libc++";
				CLANG_ENABLE_MODULES = YES;
				CLANG_ENABLE_OBJC_ARC = YES;
				CLANG_WARN_BLOCK_CAPTURE_AUTORELEASING = YES;
				CLANG_WARN_BOOL_CONVERSION = YES;
				CLANG_WARN_COMMA = YES;
				CLANG_WARN_CONSTANT_CONVERSION = YES;
				CLANG_WARN_DEPRECATED_OBJC_IMPLEMENTATIONS = YES;
				CLANG_WARN_DIRECT_OBJC_ISA_USAGE = YES_ERROR;
				CLANG_WARN_DOCUMENTATION_COMMENTS = YES;
				CLANG_WARN_EMPTY_BODY = YES;
				CLANG_WARN_ENUM_CONVERSION = YES;
				CLANG_WARN_INFINITE_RECURSION = YES;
				CLANG_WARN_INT_CONVERSION = YES;
				CLANG_WARN_NON_LITERAL_NULL_CONVERSION = YES;
				CLANG_WARN_OBJC_IMPLICIT_RETAIN_SELF = YES;
				CLANG_WARN_OBJC_LITERAL_CONVERSION = YES;
				CLANG_WARN_OBJC_ROOT_CLASS = YES_ERROR;
				CLANG_WARN_RANGE_LOOP_ANALYSIS = YES;
				CLANG_WARN_STRICT_PROTOTYPES = YES;
				CLANG_WARN_SUSPICIOUS_MOVE = YES;
				CLANG_WARN_UNREACHABLE_CODE = YES;
				CLANG_WARN__DUPLICATE_METHOD_MATCH = YES;
				"CODE_SIGN_IDENTITY[sdk=iphoneos*]" = "iPhone Developer";
				COPY_PHASE_STRIP = NO;
				DEBUG_INFORMATION_FORMAT = "dwarf-with-dsym";
				ENABLE_NS_ASSERTIONS = NO;
				ENABLE_STRICT_OBJC_MSGSEND = YES;
				GCC_C_LANGUAGE_STANDARD = gnu99;
				GCC_NO_COMMON_BLOCKS = YES;
				GCC_WARN_64_TO_32_BIT_CONVERSION = YES;
				GCC_WARN_ABOUT_RETURN_TYPE = YES_ERROR;
				GCC_WARN_UNDECLARED_SELECTOR = YES;
				GCC_WARN_UNINITIALIZED_AUTOS = YES_AGGRESSIVE;
				GCC_WARN_UNUSED_FUNCTION = YES;
				GCC_WARN_UNUSED_VARIABLE = YES;
				IPHONEOS_DEPLOYMENT_TARGET = 9.0;
				MTL_ENABLE_DEBUG_INFO = NO;
				SDKROOT = iphoneos;
				VALIDATE_PRODUCT = YES;
			};
			name = Release;
		};
		969A1F041F3C37E80002F91F /* Debug */ = {
			isa = XCBuildConfiguration;
			baseConfigurationReference = 1359543EEE9F53A78367DABF /* Pods-JACategoryDemo.debug.xcconfig */;
			buildSettings = {
				ASSETCATALOG_COMPILER_APPICON_NAME = AppIcon;
				CLANG_ALLOW_NON_MODULAR_INCLUDES_IN_FRAMEWORK_MODULES = NO;
				"CODE_SIGN_IDENTITY[sdk=iphoneos*]" = "iPhone Developer";
				CODE_SIGN_STYLE = Automatic;
				DEVELOPMENT_TEAM = HYUMRVJG68;
				INFOPLIST_FILE = JACategoryDemo/Info.plist;
				IPHONEOS_DEPLOYMENT_TARGET = 8.0;
				LD_RUNPATH_SEARCH_PATHS = "$(inherited) @executable_path/Frameworks";
				OTHER_LDFLAGS = (
					"$(inherited)",
					"-ObjC",
					"-framework",
					"\"JACategory\"",
					"-framework",
					"\"Foundation\"",
					"-framework",
					"\"QuartzCore\"",
					"-framework",
					"\"UIKit\"",
				);
				PRODUCT_BUNDLE_IDENTIFIER = com.coder.category;
				PRODUCT_NAME = "$(TARGET_NAME)";
				PROVISIONING_PROFILE_SPECIFIER = "";
			};
			name = Debug;
		};
		969A1F051F3C37E80002F91F /* Release */ = {
			isa = XCBuildConfiguration;
			baseConfigurationReference = 75A137AA0A6C4AC592D3220D /* Pods-JACategoryDemo.release.xcconfig */;
			buildSettings = {
				ASSETCATALOG_COMPILER_APPICON_NAME = AppIcon;
				CLANG_ALLOW_NON_MODULAR_INCLUDES_IN_FRAMEWORK_MODULES = NO;
				"CODE_SIGN_IDENTITY[sdk=iphoneos*]" = "iPhone Developer";
				CODE_SIGN_STYLE = Automatic;
				DEVELOPMENT_TEAM = HYUMRVJG68;
				INFOPLIST_FILE = JACategoryDemo/Info.plist;
				IPHONEOS_DEPLOYMENT_TARGET = 8.0;
				LD_RUNPATH_SEARCH_PATHS = "$(inherited) @executable_path/Frameworks";
				OTHER_LDFLAGS = (
					"$(inherited)",
					"-ObjC",
					"-framework",
					"\"JACategory\"",
					"-framework",
					"\"Foundation\"",
					"-framework",
					"\"QuartzCore\"",
					"-framework",
					"\"UIKit\"",
				);
				PRODUCT_BUNDLE_IDENTIFIER = com.coder.category;
				PRODUCT_NAME = "$(TARGET_NAME)";
				PROVISIONING_PROFILE_SPECIFIER = "";
			};
			name = Release;
		};
/* End XCBuildConfiguration section */

/* Begin XCConfigurationList section */
		968B56EA1F55428B005F61BF /* Build configuration list for PBXNativeTarget "JACategoryDemoTests" */ = {
			isa = XCConfigurationList;
			buildConfigurations = (
				968B56E81F55428B005F61BF /* Debug */,
				968B56E91F55428B005F61BF /* Release */,
			);
			defaultConfigurationIsVisible = 0;
			defaultConfigurationName = Release;
		};
		969A1EE71F3C37E70002F91F /* Build configuration list for PBXProject "JACategoryDemo" */ = {
			isa = XCConfigurationList;
			buildConfigurations = (
				969A1F011F3C37E80002F91F /* Debug */,
				969A1F021F3C37E80002F91F /* Release */,
			);
			defaultConfigurationIsVisible = 0;
			defaultConfigurationName = Release;
		};
		969A1F031F3C37E80002F91F /* Build configuration list for PBXNativeTarget "JACategoryDemo" */ = {
			isa = XCConfigurationList;
			buildConfigurations = (
				969A1F041F3C37E80002F91F /* Debug */,
				969A1F051F3C37E80002F91F /* Release */,
			);
			defaultConfigurationIsVisible = 0;
			defaultConfigurationName = Release;
		};
/* End XCConfigurationList section */
	};
	rootObject = 969A1EE41F3C37E70002F91F /* Project object */;
}
