PODS:
  - JACategory (0.0.9):
    - JACategory/Foundation (= 0.0.9)
    - JACategory/UIKit (= 0.0.9)
  - JACategory/Foundation (0.0.9)
  - JACategory/UIKit (0.0.9):
    - JACategory/Foundation

DEPENDENCIES:
  - JACategory (from `../`)

EXTERNAL SOURCES:
  JACategory:
    :path: "../"

SPEC CHECKSUMS:
  JACategory: 2d419e598ef543b12b926afb4968eb7132dfcb41

PODFILE CHECKSUM: 8fae1032bae0bb6ef976cc643c205c039dc55e08

COCOAPODS: 1.5.3
